{
  "object": {
    "pins": [
      {
        "package": "IndoorsSDK",
        "repositoryURL": "https://github.com/indoorsnavigation/indoorssdk-ios.git",
        "state": {
          "branch": "master",
          "revision": "0cf80c5ecde4de7d89f0dae119e3740a0f638e61",
          "version": null
        }
      }
    ]
  },
  "version": 1
}
